
Microsoft Visual Studio Solution File, Format Version 12.00
# Visual Studio 15
VisualStudioVersion = 15.0.28010.2046
MinimumVisualStudioVersion = 10.0.40219.1
Project("{FAE04EC0-301F-11D3-BF4B-00C04F79EFBC}") = "FutureNow", "FutureNow\FutureNow.csproj", "{FB60D824-CF69-43C6-8723-B1F21869162D}"
EndProject
Global
	GlobalSection(SolutionConfigurationPlatforms) = preSolution
		Debug|Any CPU = Debug|Any CPU
		Release|Any CPU = Release|Any CPU
	EndGlobalSection
	GlobalSection(ProjectConfigurationPlatforms) = postSolution
		{FB60D824-CF69-43C6-8723-B1F21869162D}.Debug|Any CPU.ActiveCfg = Debug|Any CPU
		{FB60D824-CF69-43C6-8723-B1F21869162D}.Debug|Any CPU.Build.0 = Debug|Any CPU
		{FB60D824-CF69-43C6-8723-B1F21869162D}.Release|Any CPU.ActiveCfg = Release|Any CPU
		{FB60D824-CF69-43C6-8723-B1F21869162D}.Release|Any CPU.Build.0 = Release|Any CPU
	EndGlobalSection
	GlobalSection(SolutionProperties) = preSolution
		HideSolutionNode = FALSE
	EndGlobalSection
	GlobalSection(ExtensibilityGlobals) = postSolution
		SolutionGuid = {7EBF58D0-A145-494C-B5A3-A83E21B8541C}
	EndGlobalSection
EndGlobal
